uuid: 7f5a8421-875e-42ab-9541-6c7865664395
langcode: en
status: true
dependencies:
  content:
    - 'block_content:basic:c5a59b7c-9aa1-4293-9017-86bc6ee71e1c'
  module:
    - block_content
    - webform
  theme:
    - dnorthman
id: dnorthman_webformtitleblock
theme: dnorthman
region: content_top
weight: 0
provider: null
plugin: 'block_content:c5a59b7c-9aa1-4293-9017-86bc6ee71e1c'
settings:
  id: 'block_content:c5a59b7c-9aa1-4293-9017-86bc6ee71e1c'
  label: 'WebForm Title Block'
  label_display: '0'
  provider: block_content
  status: true
  info: ''
  view_mode: full
visibility:
  webform:
    id: webform
    negate: false
    context_mapping:
      webform: '@webform.webform_route_context:webform'
    webforms:
      appointment: appointment
