uuid: 2e50c417-70fa-49f1-a685-21d51dbfb502
langcode: en
status: true
dependencies:
  content:
    - 'block_content:cases_lawyer:8cfe3fc1-6e7f-479f-be64-ff405898f0a2'
  module:
    - block_content
    - system
  theme:
    - dnorthman
id: dnorthman_caseslawyerblock
theme: dnorthman
region: content_bottom
weight: 0
provider: null
plugin: 'block_content:8cfe3fc1-6e7f-479f-be64-ff405898f0a2'
settings:
  id: 'block_content:8cfe3fc1-6e7f-479f-be64-ff405898f0a2'
  label: 'Cases Lawyer Block'
  label_display: '0'
  provider: block_content
  status: true
  info: ''
  view_mode: full
visibility:
  request_path:
    id: request_path
    negate: false
    pages: '/cases/*'
