uuid: 980e216a-92f3-4792-8050-77f084db0d95
langcode: en
status: true
dependencies:
  content:
    - 'block_content:service_head_block:4b869fb2-decb-452a-b35b-694295013aa1'
  module:
    - block_content
    - system
  theme:
    - dnorthman
id: dnorthman_servicesheaderblock
theme: dnorthman
region: content_top
weight: 0
provider: null
plugin: 'block_content:4b869fb2-decb-452a-b35b-694295013aa1'
settings:
  id: 'block_content:4b869fb2-decb-452a-b35b-694295013aa1'
  label: 'Services Header Block'
  label_display: visible
  provider: block_content
  status: true
  info: ''
  view_mode: full
visibility:
  request_path:
    id: request_path
    negate: false
    pages: "/services\r\n"
